
Microsoft Visual Studio Solution File, Format Version 12.00
# Visual Studio Version 17
VisualStudioVersion = 17.0.31903.59
MinimumVisualStudioVersion = 10.0.40219.1
Project("{9A19103F-16F7-4668-BE54-9A1E7A4F7556}") = "API", "API\API.csproj", "{401BB9ED-BFF2-4685-8D2E-91DDB36A56DF}"
EndProject
Project("{FAE04EC0-301F-11D3-BF4B-00C04F79EFBC}") = "WeatherHandler", "WeatherHandler\WeatherHandler.csproj", "{CA7CBD66-7C7B-4D7A-9F2E-7EA4B8503AC6}"
EndProject
Global
	GlobalSection(SolutionConfigurationPlatforms) = preSolution
		Debug|Any CPU = Debug|Any CPU
		Release|Any CPU = Release|Any CPU
	EndGlobalSection
	GlobalSection(ProjectConfigurationPlatforms) = postSolution
		{401BB9ED-BFF2-4685-8D2E-91DDB36A56DF}.Debug|Any CPU.ActiveCfg = Debug|Any CPU
		{401BB9ED-BFF2-4685-8D2E-91DDB36A56DF}.Debug|Any CPU.Build.0 = Debug|Any CPU
		{401BB9ED-BFF2-4685-8D2E-91DDB36A56DF}.Release|Any CPU.ActiveCfg = Release|Any CPU
		{401BB9ED-BFF2-4685-8D2E-91DDB36A56DF}.Release|Any CPU.Build.0 = Release|Any CPU
		{CA7CBD66-7C7B-4D7A-9F2E-7EA4B8503AC6}.Debug|Any CPU.ActiveCfg = Debug|Any CPU
		{CA7CBD66-7C7B-4D7A-9F2E-7EA4B8503AC6}.Debug|Any CPU.Build.0 = Debug|Any CPU
		{CA7CBD66-7C7B-4D7A-9F2E-7EA4B8503AC6}.Release|Any CPU.ActiveCfg = Release|Any CPU
		{CA7CBD66-7C7B-4D7A-9F2E-7EA4B8503AC6}.Release|Any CPU.Build.0 = Release|Any CPU
	EndGlobalSection
	GlobalSection(SolutionProperties) = preSolution
		HideSolutionNode = FALSE
	EndGlobalSection
	GlobalSection(ExtensibilityGlobals) = postSolution
		SolutionGuid = {D2439E1C-FF51-431A-8C39-0E08C6217178}
	EndGlobalSection
EndGlobal
